
Microsoft Visual Studio Solution File, Format Version 12.00
# Visual Studio Version 17
VisualStudioVersion = 17.1.32328.378
MinimumVisualStudioVersion = 10.0.40219.1
Project("{9A19103F-16F7-4668-BE54-9A1E7A4F7556}") = "Csharp2Opdrachten", "Csharp2Opdrachten\Csharp2Opdrachten.csproj", "{70C7F423-C47B-4C93-9184-FC2E1C40CFB9}"
EndProject
Project("{FAE04EC0-301F-11D3-BF4B-00C04F79EFBC}") = "Enums", "Enums\Enums.csproj", "{B2C07A9F-539A-4C70-89E5-D65034DBEF88}"
EndProject
Global
	GlobalSection(SolutionConfigurationPlatforms) = preSolution
		Debug|Any CPU = Debug|Any CPU
		Release|Any CPU = Release|Any CPU
	EndGlobalSection
	GlobalSection(ProjectConfigurationPlatforms) = postSolution
		{70C7F423-C47B-4C93-9184-FC2E1C40CFB9}.Debug|Any CPU.ActiveCfg = Debug|Any CPU
		{70C7F423-C47B-4C93-9184-FC2E1C40CFB9}.Debug|Any CPU.Build.0 = Debug|Any CPU
		{70C7F423-C47B-4C93-9184-FC2E1C40CFB9}.Release|Any CPU.ActiveCfg = Release|Any CPU
		{70C7F423-C47B-4C93-9184-FC2E1C40CFB9}.Release|Any CPU.Build.0 = Release|Any CPU
		{B2C07A9F-539A-4C70-89E5-D65034DBEF88}.Debug|Any CPU.ActiveCfg = Debug|Any CPU
		{B2C07A9F-539A-4C70-89E5-D65034DBEF88}.Debug|Any CPU.Build.0 = Debug|Any CPU
		{B2C07A9F-539A-4C70-89E5-D65034DBEF88}.Release|Any CPU.ActiveCfg = Release|Any CPU
		{B2C07A9F-539A-4C70-89E5-D65034DBEF88}.Release|Any CPU.Build.0 = Release|Any CPU
	EndGlobalSection
	GlobalSection(SolutionProperties) = preSolution
		HideSolutionNode = FALSE
	EndGlobalSection
	GlobalSection(ExtensibilityGlobals) = postSolution
		SolutionGuid = {3D6BAF2C-2B91-40B1-B82B-910F803A1251}
	EndGlobalSection
EndGlobal
